Microsoft Visual Studio Solution File, Format Version 12.00
# Visual Studio Version 17
VisualStudioVersion = 17.12.35527.113
MinimumVisualStudioVersion = 10.0.40219.1
Project("{FAE04EC0-301F-11D3-BF4B-00C04F79EFBC}") = "Forecaster.Aspire.AppHost", "orchestration\Forecaster.Aspire.AppHost\Forecaster.Aspire.AppHost.csproj", "{CF8AB4DD-F10C-497F-88AC-19670A1951D5}"
EndProject
Project("{FAE04EC0-301F-11D3-BF4B-00C04F79EFBC}") = "Forecaster.Aspire.ServiceDefaults", "orchestration\Forecaster.Aspire.ServiceDefaults\Forecaster.Aspire.ServiceDefaults.csproj", "{CB63C008-7193-448D-9C78-900B3FD2C7D9}"
EndProject
Project("{FAE04EC0-301F-11D3-BF4B-00C04F79EFBC}") = "Forecaster.ApiService", "backend\forecaster\Forecaster.Aspire.ApiService\Forecaster.ApiService.csproj", "{08A0D7C0-B944-4356-A40D-99D8DECCD385}"
EndProject
Project("{FAE04EC0-301F-11D3-BF4B-00C04F79EFBC}") = "Forecaster.Aspire.Web", "frontend\Forecaster.Aspire.Web\Forecaster.Aspire.Web.csproj", "{71D4FBBD-7D1B-4DF9-8564-7148B624F68D}"
EndProject
Project("{FAE04EC0-301F-11D3-BF4B-00C04F79EFBC}") = "Forecaster.Aspire.Tests", "orchestration\Forecaster.Aspire.Tests\Forecaster.Aspire.Tests.csproj", "{9F230C79-46C6-4AFA-8D77-91BB0830C852}"
EndProject
Project("{2150E333-8FDC-42A3-9474-1A3956D46DE8}") = "backend", "backend", "{90CDDD43-4651-4BEE-AE6D-812FC142424E}"
EndProject
Project("{2150E333-8FDC-42A3-9474-1A3956D46DE8}") = "frontend", "frontend", "{D5159210-057F-4F97-8785-E5AB415A5F9F}"
EndProject
Project("{2150E333-8FDC-42A3-9474-1A3956D46DE8}") = "orchestration", "orchestration", "{920BA48B-7179-49BA-9F33-D506305BC441}"
EndProject
Project("{2150E333-8FDC-42A3-9474-1A3956D46DE8}") = "forecaster", "forecaster", "{F94D5CA2-24A3-4501-B174-A8033DEE7FD9}"
EndProject
Project("{FAE04EC0-301F-11D3-BF4B-00C04F79EFBC}") = "Forecaster.Core", "backend\forecaster\Forecaster.Core\Forecaster.Core.csproj", "{EC3CB70A-2B6E-41C0-9F5A-054465D1266D}"
EndProject
Global
	GlobalSection(SolutionConfigurationPlatforms) = preSolution
		Debug|Any CPU = Debug|Any CPU
		Release|Any CPU = Release|Any CPU
	EndGlobalSection
	GlobalSection(ProjectConfigurationPlatforms) = postSolution
		{CF8AB4DD-F10C-497F-88AC-19670A1951D5}.Debug|Any CPU.ActiveCfg = Debug|Any CPU
		{CF8AB4DD-F10C-497F-88AC-19670A1951D5}.Debug|Any CPU.Build.0 = Debug|Any CPU
		{CF8AB4DD-F10C-497F-88AC-19670A1951D5}.Release|Any CPU.ActiveCfg = Release|Any CPU
		{CF8AB4DD-F10C-497F-88AC-19670A1951D5}.Release|Any CPU.Build.0 = Release|Any CPU
		{CB63C008-7193-448D-9C78-900B3FD2C7D9}.Debug|Any CPU.ActiveCfg = Debug|Any CPU
		{CB63C008-7193-448D-9C78-900B3FD2C7D9}.Debug|Any CPU.Build.0 = Debug|Any CPU
		{CB63C008-7193-448D-9C78-900B3FD2C7D9}.Release|Any CPU.ActiveCfg = Release|Any CPU
		{CB63C008-7193-448D-9C78-900B3FD2C7D9}.Release|Any CPU.Build.0 = Release|Any CPU
		{08A0D7C0-B944-4356-A40D-99D8DECCD385}.Debug|Any CPU.ActiveCfg = Debug|Any CPU
		{08A0D7C0-B944-4356-A40D-99D8DECCD385}.Debug|Any CPU.Build.0 = Debug|Any CPU
		{08A0D7C0-B944-4356-A40D-99D8DECCD385}.Release|Any CPU.ActiveCfg = Release|Any CPU
		{08A0D7C0-B944-4356-A40D-99D8DECCD385}.Release|Any CPU.Build.0 = Release|Any CPU
		{71D4FBBD-7D1B-4DF9-8564-7148B624F68D}.Debug|Any CPU.ActiveCfg = Debug|Any CPU
		{71D4FBBD-7D1B-4DF9-8564-7148B624F68D}.Debug|Any CPU.Build.0 = Debug|Any CPU
		{71D4FBBD-7D1B-4DF9-8564-7148B624F68D}.Release|Any CPU.ActiveCfg = Release|Any CPU
		{71D4FBBD-7D1B-4DF9-8564-7148B624F68D}.Release|Any CPU.Build.0 = Release|Any CPU
		{9F230C79-46C6-4AFA-8D77-91BB0830C852}.Debug|Any CPU.ActiveCfg = Debug|Any CPU
		{9F230C79-46C6-4AFA-8D77-91BB0830C852}.Debug|Any CPU.Build.0 = Debug|Any CPU
		{9F230C79-46C6-4AFA-8D77-91BB0830C852}.Release|Any CPU.ActiveCfg = Release|Any CPU
		{9F230C79-46C6-4AFA-8D77-91BB0830C852}.Release|Any CPU.Build.0 = Release|Any CPU
		{EC3CB70A-2B6E-41C0-9F5A-054465D1266D}.Debug|Any CPU.ActiveCfg = Debug|Any CPU
		{EC3CB70A-2B6E-41C0-9F5A-054465D1266D}.Debug|Any CPU.Build.0 = Debug|Any CPU
		{EC3CB70A-2B6E-41C0-9F5A-054465D1266D}.Release|Any CPU.ActiveCfg = Release|Any CPU
		{EC3CB70A-2B6E-41C0-9F5A-054465D1266D}.Release|Any CPU.Build.0 = Release|Any CPU
	EndGlobalSection
	GlobalSection(SolutionProperties) = preSolution
		HideSolutionNode = FALSE
	EndGlobalSection
	GlobalSection(NestedProjects) = preSolution
		{CF8AB4DD-F10C-497F-88AC-19670A1951D5} = {920BA48B-7179-49BA-9F33-D506305BC441}
		{CB63C008-7193-448D-9C78-900B3FD2C7D9} = {920BA48B-7179-49BA-9F33-D506305BC441}
		{08A0D7C0-B944-4356-A40D-99D8DECCD385} = {F94D5CA2-24A3-4501-B174-A8033DEE7FD9}
		{71D4FBBD-7D1B-4DF9-8564-7148B624F68D} = {D5159210-057F-4F97-8785-E5AB415A5F9F}
		{9F230C79-46C6-4AFA-8D77-91BB0830C852} = {920BA48B-7179-49BA-9F33-D506305BC441}
		{F94D5CA2-24A3-4501-B174-A8033DEE7FD9} = {90CDDD43-4651-4BEE-AE6D-812FC142424E}
		{EC3CB70A-2B6E-41C0-9F5A-054465D1266D} = {F94D5CA2-24A3-4501-B174-A8033DEE7FD9}
	EndGlobalSection
EndGlobal
