Microsoft Visual Studio Solution File, Format Version 12.00
# Visual Studio Version 17
VisualStudioVersion = 17.12.35527.113
MinimumVisualStudioVersion = 10.0.40219.1
Project("{FAE04EC0-301F-11D3-BF4B-00C04F79EFBC}") = "Forecaster.Aspire.AppHost", "orchestration\Forecaster.Aspire.AppHost\Forecaster.Aspire.AppHost.csproj", "{CF8AB4DD-F10C-497F-88AC-19670A1951D5}"
EndProject
Project("{FAE04EC0-301F-11D3-BF4B-00C04F79EFBC}") = "Forecaster.Aspire.ServiceDefaults", "orchestration\Forecaster.Aspire.ServiceDefaults\Forecaster.Aspire.ServiceDefaults.csproj", "{CB63C008-7193-448D-9C78-900B3FD2C7D9}"
EndProject
Project("{FAE04EC0-301F-11D3-BF4B-00C04F79EFBC}") = "Forecaster.ApiService", "backend\forecaster\Forecaster.Aspire.ApiService\Forecaster.ApiService.csproj", "{08A0D7C0-B944-4356-A40D-99D8DECCD385}"
EndProject
Project("{FAE04EC0-301F-11D3-BF4B-00C04F79EFBC}") = "Forecaster.Aspire.Web", "frontend\Forecaster.Aspire.Web\Forecaster.Aspire.Web.csproj", "{71D4FBBD-7D1B-4DF9-8564-7148B624F68D}"
EndProject
Project("{FAE04EC0-301F-11D3-BF4B-00C04F79EFBC}") = "Forecaster.Aspire.Tests", "orchestration\Forecaster.Aspire.Tests\Forecaster.Aspire.Tests.csproj", "{9F230C79-46C6-4AFA-8D77-91BB0830C852}"
EndProject
Project("{2150E333-8FDC-42A3-9474-1A3956D46DE8}") = "backend", "backend", "{90CDDD43-4651-4BEE-AE6D-812FC142424E}"
EndProject
Project("{2150E333-8FDC-42A3-9474-1A3956D46DE8}") = "frontend", "frontend", "{D5159210-057F-4F97-8785-E5AB415A5F9F}"
EndProject
Project("{2150E333-8FDC-42A3-9474-1A3956D46DE8}") = "orchestration", "orchestration", "{920BA48B-7179-49BA-9F33-D506305BC441}"
EndProject
Project("{2150E333-8FDC-42A3-9474-1A3956D46DE8}") = "forecaster", "forecaster", "{F94D5CA2-24A3-4501-B174-A8033DEE7FD9}"
EndProject
Project("{FAE04EC0-301F-11D3-BF4B-00C04F79EFBC}") = "Forecaster.Core", "backend\forecaster\Forecaster.Core\Forecaster.Core.csproj", "{EC3CB70A-2B6E-41C0-9F5A-054465D1266D}"
EndProject
Project("{2150E333-8FDC-42A3-9474-1A3956D46DE8}") = "workers", "workers", "{7E934BE4-B0E3-45DC-846B-962F90E6A513}"
EndProject
Project("{FAE04EC0-301F-11D3-BF4B-00C04F79EFBC}") = "MigrationService", "backend\workers\MigrationService\MigrationService.csproj", "{73703833-F166-4DAE-961D-13A1F12FF75B}"
EndProject
Project("{FAE04EC0-301F-11D3-BF4B-00C04F79EFBC}") = "Forecaster.Infrastructure", "backend\forecaster\Forecaster.Infrastructure\Forecaster.Infrastructure.csproj", "{99CC7B44-EFA5-491B-B3A3-5BAD819D61C3}"
EndProject
Project("{2150E333-8FDC-42A3-9474-1A3956D46DE8}") = "tests", "tests", "{3DADF74E-DCEF-4611-85D2-3B8D211FE922}"
EndProject
Project("{FAE04EC0-301F-11D3-BF4B-00C04F79EFBC}") = "IntegrationTests", "backend\tests\IntegrationTests\IntegrationTests.csproj", "{0FFE7165-A2B3-4FE2-8630-F2D773FC35A9}"
EndProject
Project("{2150E333-8FDC-42A3-9474-1A3956D46DE8}") = "other", "other", "{05A6E274-CEA2-4D45-BD31-E6B94C488F27}"
EndProject
Project("{FAE04EC0-301F-11D3-BF4B-00C04F79EFBC}") = "DesignPatternsLibrary", "backend\other\DesignPatternsLibrary\DesignPatternsLibrary.csproj", "{036BBFA1-CB6B-4A40-B86E-E487195007CB}"
EndProject
Project("{FAE04EC0-301F-11D3-BF4B-00C04F79EFBC}") = "DesignPatternLibrary.Tests", "backend\tests\DesignPatternLibrary.Tests\DesignPatternLibrary.Tests.csproj", "{26A664DC-50C8-4EDC-80B3-B70FD9F69BB9}"
EndProject
Project("{FAE04EC0-301F-11D3-BF4B-00C04F79EFBC}") = "AsyncParallelThreadingTests", "backend\tests\AsyncParallelThreadingTests\AsyncParallelThreadingTests.csproj", "{240EE2A1-9BD6-4572-98C3-861DA0240199}"
EndProject
Project("{2150E333-8FDC-42A3-9474-1A3956D46DE8}") = "books", "books", "{1C1D7FC4-34F5-4724-8DAC-D944EC381517}"
EndProject
Project("{2150E333-8FDC-42A3-9474-1A3956D46DE8}") = "apps-and-services-with-net", "apps-and-services-with-net", "{F81ECEBE-33F8-45FF-860F-6FFDDD723629}"
EndProject
Project("{2150E333-8FDC-42A3-9474-1A3956D46DE8}") = "chapter-05", "chapter-05", "{7F8FA29F-816A-4538-84D3-8B07943ADEB4}"
EndProject
Project("{FAE04EC0-301F-11D3-BF4B-00C04F79EFBC}") = "WorkingWithTasks", "learning\apps-and-services-with-net\chapter-05\WorkingWithTasks\WorkingWithTasks.csproj", "{70A269A8-C700-4428-BA93-41CF5A86235C}"
EndProject
Project("{FAE04EC0-301F-11D3-BF4B-00C04F79EFBC}") = "SynchronizingResourceAccess", "learning\apps-and-services-with-net\chapter-05\SynchronizingResourceAccess\SynchronizingResourceAccess.csproj", "{F03F52E1-9684-4ACB-9E02-08E57850E284}"
EndProject
Project("{FAE04EC0-301F-11D3-BF4B-00C04F79EFBC}") = "AsyncEnumerable", "learning\apps-and-services-with-net\chapter-05\AsyncEnumerable\AsyncEnumerable.csproj", "{30024D2E-2BEE-46EA-A3E0-E0813B2F3116}"
EndProject
Project("{2150E333-8FDC-42A3-9474-1A3956D46DE8}") = "chapter-12", "chapter-12", "{C4F6FB86-EC60-4061-9440-30AAB6F114AD}"
EndProject
Project("{FAE04EC0-301F-11D3-BF4B-00C04F79EFBC}") = "Northwind.GraphQL.Service", "learning\apps-and-services-with-net\chapter-12\Northwind.GraphQL.Service\Northwind.GraphQL.Service.csproj", "{44503D59-97BF-47E4-B9C2-CC609C19703A}"
EndProject
Project("{2150E333-8FDC-42A3-9474-1A3956D46DE8}") = "aspire", "aspire", "{4EF6289B-B01E-4D49-85BC-86BFB50C5F78}"
EndProject
Project("{2150E333-8FDC-42A3-9474-1A3956D46DE8}") = "layering", "layering", "{1B05F628-01D1-43B1-A8E9-E6B299D0C11E}"
EndProject
Project("{2150E333-8FDC-42A3-9474-1A3956D46DE8}") = "classic", "classic", "{B3183A73-CE69-4F0B-90D1-3B3D35DB5AEB}"
EndProject
Project("{FAE04EC0-301F-11D3-BF4B-00C04F79EFBC}") = "Presentation", "learning\layering\classic\Presentation\Presentation.csproj", "{E53D6927-8EA3-4289-90F3-E5DECE39F9A0}"
EndProject
Project("{FAE04EC0-301F-11D3-BF4B-00C04F79EFBC}") = "BusinessLogic", "learning\layering\classic\BusinessLogic\BusinessLogic.csproj", "{24EE3667-A8B9-4507-A8FF-3A8B7962E2BD}"
EndProject
Project("{FAE04EC0-301F-11D3-BF4B-00C04F79EFBC}") = "DataAccess", "learning\layering\classic\DataAccess\DataAccess.csproj", "{0B0B9463-DA3A-4DEB-B870-198F20D08CB5}"
EndProject
Project("{2150E333-8FDC-42A3-9474-1A3956D46DE8}") = "clean", "clean", "{06AF9919-B113-4B90-B7DD-81E39A12DE80}"
EndProject
Project("{FAE04EC0-301F-11D3-BF4B-00C04F79EFBC}") = "Core", "learning\layering\clean\Core\Core.csproj", "{3E44C002-A0F6-4359-B205-EDE8E057488F}"
EndProject
Project("{FAE04EC0-301F-11D3-BF4B-00C04F79EFBC}") = "Application", "learning\layering\clean\Application\Application.csproj", "{45651B3B-4B8C-4380-A68E-F094CE0F0CA0}"
EndProject
Project("{FAE04EC0-301F-11D3-BF4B-00C04F79EFBC}") = "Presentation", "learning\layering\clean\Presentation\Presentation.csproj", "{EB810010-3740-4ACE-8051-52E6903D2F09}"
EndProject
Project("{FAE04EC0-301F-11D3-BF4B-00C04F79EFBC}") = "Infrastructure", "learning\layering\clean\Infrastructure\Infrastructure.csproj", "{4F3897B6-6326-4305-9923-D64F57E9BE9D}"
EndProject
Project("{2150E333-8FDC-42A3-9474-1A3956D46DE8}") = "courses", "courses", "{A4778CF6-537D-4207-9A41-67D5EAEC16B2}"
EndProject
Global
	GlobalSection(SolutionConfigurationPlatforms) = preSolution
		Debug|Any CPU = Debug|Any CPU
		Release|Any CPU = Release|Any CPU
	EndGlobalSection
	GlobalSection(ProjectConfigurationPlatforms) = postSolution
		{CF8AB4DD-F10C-497F-88AC-19670A1951D5}.Debug|Any CPU.ActiveCfg = Debug|Any CPU
		{CF8AB4DD-F10C-497F-88AC-19670A1951D5}.Debug|Any CPU.Build.0 = Debug|Any CPU
		{CF8AB4DD-F10C-497F-88AC-19670A1951D5}.Release|Any CPU.ActiveCfg = Release|Any CPU
		{CF8AB4DD-F10C-497F-88AC-19670A1951D5}.Release|Any CPU.Build.0 = Release|Any CPU
		{CB63C008-7193-448D-9C78-900B3FD2C7D9}.Debug|Any CPU.ActiveCfg = Debug|Any CPU
		{CB63C008-7193-448D-9C78-900B3FD2C7D9}.Debug|Any CPU.Build.0 = Debug|Any CPU
		{CB63C008-7193-448D-9C78-900B3FD2C7D9}.Release|Any CPU.ActiveCfg = Release|Any CPU
		{CB63C008-7193-448D-9C78-900B3FD2C7D9}.Release|Any CPU.Build.0 = Release|Any CPU
		{08A0D7C0-B944-4356-A40D-99D8DECCD385}.Debug|Any CPU.ActiveCfg = Debug|Any CPU
		{08A0D7C0-B944-4356-A40D-99D8DECCD385}.Debug|Any CPU.Build.0 = Debug|Any CPU
		{08A0D7C0-B944-4356-A40D-99D8DECCD385}.Release|Any CPU.ActiveCfg = Release|Any CPU
		{08A0D7C0-B944-4356-A40D-99D8DECCD385}.Release|Any CPU.Build.0 = Release|Any CPU
		{71D4FBBD-7D1B-4DF9-8564-7148B624F68D}.Debug|Any CPU.ActiveCfg = Debug|Any CPU
		{71D4FBBD-7D1B-4DF9-8564-7148B624F68D}.Debug|Any CPU.Build.0 = Debug|Any CPU
		{71D4FBBD-7D1B-4DF9-8564-7148B624F68D}.Release|Any CPU.ActiveCfg = Release|Any CPU
		{71D4FBBD-7D1B-4DF9-8564-7148B624F68D}.Release|Any CPU.Build.0 = Release|Any CPU
		{9F230C79-46C6-4AFA-8D77-91BB0830C852}.Debug|Any CPU.ActiveCfg = Debug|Any CPU
		{9F230C79-46C6-4AFA-8D77-91BB0830C852}.Debug|Any CPU.Build.0 = Debug|Any CPU
		{9F230C79-46C6-4AFA-8D77-91BB0830C852}.Release|Any CPU.ActiveCfg = Release|Any CPU
		{9F230C79-46C6-4AFA-8D77-91BB0830C852}.Release|Any CPU.Build.0 = Release|Any CPU
		{EC3CB70A-2B6E-41C0-9F5A-054465D1266D}.Debug|Any CPU.ActiveCfg = Debug|Any CPU
		{EC3CB70A-2B6E-41C0-9F5A-054465D1266D}.Debug|Any CPU.Build.0 = Debug|Any CPU
		{EC3CB70A-2B6E-41C0-9F5A-054465D1266D}.Release|Any CPU.ActiveCfg = Release|Any CPU
		{EC3CB70A-2B6E-41C0-9F5A-054465D1266D}.Release|Any CPU.Build.0 = Release|Any CPU
		{73703833-F166-4DAE-961D-13A1F12FF75B}.Debug|Any CPU.ActiveCfg = Debug|Any CPU
		{73703833-F166-4DAE-961D-13A1F12FF75B}.Debug|Any CPU.Build.0 = Debug|Any CPU
		{73703833-F166-4DAE-961D-13A1F12FF75B}.Release|Any CPU.ActiveCfg = Release|Any CPU
		{73703833-F166-4DAE-961D-13A1F12FF75B}.Release|Any CPU.Build.0 = Release|Any CPU
		{99CC7B44-EFA5-491B-B3A3-5BAD819D61C3}.Debug|Any CPU.ActiveCfg = Debug|Any CPU
		{99CC7B44-EFA5-491B-B3A3-5BAD819D61C3}.Debug|Any CPU.Build.0 = Debug|Any CPU
		{99CC7B44-EFA5-491B-B3A3-5BAD819D61C3}.Release|Any CPU.ActiveCfg = Release|Any CPU
		{99CC7B44-EFA5-491B-B3A3-5BAD819D61C3}.Release|Any CPU.Build.0 = Release|Any CPU
		{0FFE7165-A2B3-4FE2-8630-F2D773FC35A9}.Debug|Any CPU.ActiveCfg = Debug|Any CPU
		{0FFE7165-A2B3-4FE2-8630-F2D773FC35A9}.Debug|Any CPU.Build.0 = Debug|Any CPU
		{0FFE7165-A2B3-4FE2-8630-F2D773FC35A9}.Release|Any CPU.ActiveCfg = Release|Any CPU
		{0FFE7165-A2B3-4FE2-8630-F2D773FC35A9}.Release|Any CPU.Build.0 = Release|Any CPU
		{036BBFA1-CB6B-4A40-B86E-E487195007CB}.Debug|Any CPU.ActiveCfg = Debug|Any CPU
		{036BBFA1-CB6B-4A40-B86E-E487195007CB}.Debug|Any CPU.Build.0 = Debug|Any CPU
		{036BBFA1-CB6B-4A40-B86E-E487195007CB}.Release|Any CPU.ActiveCfg = Release|Any CPU
		{036BBFA1-CB6B-4A40-B86E-E487195007CB}.Release|Any CPU.Build.0 = Release|Any CPU
		{26A664DC-50C8-4EDC-80B3-B70FD9F69BB9}.Debug|Any CPU.ActiveCfg = Debug|Any CPU
		{26A664DC-50C8-4EDC-80B3-B70FD9F69BB9}.Debug|Any CPU.Build.0 = Debug|Any CPU
		{26A664DC-50C8-4EDC-80B3-B70FD9F69BB9}.Release|Any CPU.ActiveCfg = Release|Any CPU
		{26A664DC-50C8-4EDC-80B3-B70FD9F69BB9}.Release|Any CPU.Build.0 = Release|Any CPU
		{240EE2A1-9BD6-4572-98C3-861DA0240199}.Debug|Any CPU.ActiveCfg = Debug|Any CPU
		{240EE2A1-9BD6-4572-98C3-861DA0240199}.Debug|Any CPU.Build.0 = Debug|Any CPU
		{240EE2A1-9BD6-4572-98C3-861DA0240199}.Release|Any CPU.ActiveCfg = Release|Any CPU
		{240EE2A1-9BD6-4572-98C3-861DA0240199}.Release|Any CPU.Build.0 = Release|Any CPU
		{70A269A8-C700-4428-BA93-41CF5A86235C}.Debug|Any CPU.ActiveCfg = Debug|Any CPU
		{70A269A8-C700-4428-BA93-41CF5A86235C}.Debug|Any CPU.Build.0 = Debug|Any CPU
		{70A269A8-C700-4428-BA93-41CF5A86235C}.Release|Any CPU.ActiveCfg = Release|Any CPU
		{70A269A8-C700-4428-BA93-41CF5A86235C}.Release|Any CPU.Build.0 = Release|Any CPU
		{F03F52E1-9684-4ACB-9E02-08E57850E284}.Debug|Any CPU.ActiveCfg = Debug|Any CPU
		{F03F52E1-9684-4ACB-9E02-08E57850E284}.Debug|Any CPU.Build.0 = Debug|Any CPU
		{F03F52E1-9684-4ACB-9E02-08E57850E284}.Release|Any CPU.ActiveCfg = Release|Any CPU
		{F03F52E1-9684-4ACB-9E02-08E57850E284}.Release|Any CPU.Build.0 = Release|Any CPU
		{30024D2E-2BEE-46EA-A3E0-E0813B2F3116}.Debug|Any CPU.ActiveCfg = Debug|Any CPU
		{30024D2E-2BEE-46EA-A3E0-E0813B2F3116}.Debug|Any CPU.Build.0 = Debug|Any CPU
		{30024D2E-2BEE-46EA-A3E0-E0813B2F3116}.Release|Any CPU.ActiveCfg = Release|Any CPU
		{30024D2E-2BEE-46EA-A3E0-E0813B2F3116}.Release|Any CPU.Build.0 = Release|Any CPU
		{44503D59-97BF-47E4-B9C2-CC609C19703A}.Debug|Any CPU.ActiveCfg = Debug|Any CPU
		{44503D59-97BF-47E4-B9C2-CC609C19703A}.Debug|Any CPU.Build.0 = Debug|Any CPU
		{44503D59-97BF-47E4-B9C2-CC609C19703A}.Release|Any CPU.ActiveCfg = Release|Any CPU
		{44503D59-97BF-47E4-B9C2-CC609C19703A}.Release|Any CPU.Build.0 = Release|Any CPU
		{E53D6927-8EA3-4289-90F3-E5DECE39F9A0}.Debug|Any CPU.ActiveCfg = Debug|Any CPU
		{E53D6927-8EA3-4289-90F3-E5DECE39F9A0}.Debug|Any CPU.Build.0 = Debug|Any CPU
		{E53D6927-8EA3-4289-90F3-E5DECE39F9A0}.Release|Any CPU.ActiveCfg = Release|Any CPU
		{E53D6927-8EA3-4289-90F3-E5DECE39F9A0}.Release|Any CPU.Build.0 = Release|Any CPU
		{24EE3667-A8B9-4507-A8FF-3A8B7962E2BD}.Debug|Any CPU.ActiveCfg = Debug|Any CPU
		{24EE3667-A8B9-4507-A8FF-3A8B7962E2BD}.Debug|Any CPU.Build.0 = Debug|Any CPU
		{24EE3667-A8B9-4507-A8FF-3A8B7962E2BD}.Release|Any CPU.ActiveCfg = Release|Any CPU
		{24EE3667-A8B9-4507-A8FF-3A8B7962E2BD}.Release|Any CPU.Build.0 = Release|Any CPU
		{0B0B9463-DA3A-4DEB-B870-198F20D08CB5}.Debug|Any CPU.ActiveCfg = Debug|Any CPU
		{0B0B9463-DA3A-4DEB-B870-198F20D08CB5}.Debug|Any CPU.Build.0 = Debug|Any CPU
		{0B0B9463-DA3A-4DEB-B870-198F20D08CB5}.Release|Any CPU.ActiveCfg = Release|Any CPU
		{0B0B9463-DA3A-4DEB-B870-198F20D08CB5}.Release|Any CPU.Build.0 = Release|Any CPU
		{3E44C002-A0F6-4359-B205-EDE8E057488F}.Debug|Any CPU.ActiveCfg = Debug|Any CPU
		{3E44C002-A0F6-4359-B205-EDE8E057488F}.Debug|Any CPU.Build.0 = Debug|Any CPU
		{3E44C002-A0F6-4359-B205-EDE8E057488F}.Release|Any CPU.ActiveCfg = Release|Any CPU
		{3E44C002-A0F6-4359-B205-EDE8E057488F}.Release|Any CPU.Build.0 = Release|Any CPU
		{45651B3B-4B8C-4380-A68E-F094CE0F0CA0}.Debug|Any CPU.ActiveCfg = Debug|Any CPU
		{45651B3B-4B8C-4380-A68E-F094CE0F0CA0}.Debug|Any CPU.Build.0 = Debug|Any CPU
		{45651B3B-4B8C-4380-A68E-F094CE0F0CA0}.Release|Any CPU.ActiveCfg = Release|Any CPU
		{45651B3B-4B8C-4380-A68E-F094CE0F0CA0}.Release|Any CPU.Build.0 = Release|Any CPU
		{EB810010-3740-4ACE-8051-52E6903D2F09}.Debug|Any CPU.ActiveCfg = Debug|Any CPU
		{EB810010-3740-4ACE-8051-52E6903D2F09}.Debug|Any CPU.Build.0 = Debug|Any CPU
		{EB810010-3740-4ACE-8051-52E6903D2F09}.Release|Any CPU.ActiveCfg = Release|Any CPU
		{EB810010-3740-4ACE-8051-52E6903D2F09}.Release|Any CPU.Build.0 = Release|Any CPU
		{4F3897B6-6326-4305-9923-D64F57E9BE9D}.Debug|Any CPU.ActiveCfg = Debug|Any CPU
		{4F3897B6-6326-4305-9923-D64F57E9BE9D}.Debug|Any CPU.Build.0 = Debug|Any CPU
		{4F3897B6-6326-4305-9923-D64F57E9BE9D}.Release|Any CPU.ActiveCfg = Release|Any CPU
		{4F3897B6-6326-4305-9923-D64F57E9BE9D}.Release|Any CPU.Build.0 = Release|Any CPU
	EndGlobalSection
	GlobalSection(SolutionProperties) = preSolution
		HideSolutionNode = FALSE
	EndGlobalSection
	GlobalSection(NestedProjects) = preSolution
		{CF8AB4DD-F10C-497F-88AC-19670A1951D5} = {920BA48B-7179-49BA-9F33-D506305BC441}
		{CB63C008-7193-448D-9C78-900B3FD2C7D9} = {920BA48B-7179-49BA-9F33-D506305BC441}
		{08A0D7C0-B944-4356-A40D-99D8DECCD385} = {F94D5CA2-24A3-4501-B174-A8033DEE7FD9}
		{71D4FBBD-7D1B-4DF9-8564-7148B624F68D} = {D5159210-057F-4F97-8785-E5AB415A5F9F}
		{9F230C79-46C6-4AFA-8D77-91BB0830C852} = {920BA48B-7179-49BA-9F33-D506305BC441}
		{90CDDD43-4651-4BEE-AE6D-812FC142424E} = {4EF6289B-B01E-4D49-85BC-86BFB50C5F78}
		{D5159210-057F-4F97-8785-E5AB415A5F9F} = {4EF6289B-B01E-4D49-85BC-86BFB50C5F78}
		{920BA48B-7179-49BA-9F33-D506305BC441} = {4EF6289B-B01E-4D49-85BC-86BFB50C5F78}
		{F94D5CA2-24A3-4501-B174-A8033DEE7FD9} = {90CDDD43-4651-4BEE-AE6D-812FC142424E}
		{EC3CB70A-2B6E-41C0-9F5A-054465D1266D} = {F94D5CA2-24A3-4501-B174-A8033DEE7FD9}
		{7E934BE4-B0E3-45DC-846B-962F90E6A513} = {90CDDD43-4651-4BEE-AE6D-812FC142424E}
		{73703833-F166-4DAE-961D-13A1F12FF75B} = {7E934BE4-B0E3-45DC-846B-962F90E6A513}
		{99CC7B44-EFA5-491B-B3A3-5BAD819D61C3} = {F94D5CA2-24A3-4501-B174-A8033DEE7FD9}
		{3DADF74E-DCEF-4611-85D2-3B8D211FE922} = {90CDDD43-4651-4BEE-AE6D-812FC142424E}
		{0FFE7165-A2B3-4FE2-8630-F2D773FC35A9} = {3DADF74E-DCEF-4611-85D2-3B8D211FE922}
		{05A6E274-CEA2-4D45-BD31-E6B94C488F27} = {1C1D7FC4-34F5-4724-8DAC-D944EC381517}
		{036BBFA1-CB6B-4A40-B86E-E487195007CB} = {05A6E274-CEA2-4D45-BD31-E6B94C488F27}
		{26A664DC-50C8-4EDC-80B3-B70FD9F69BB9} = {05A6E274-CEA2-4D45-BD31-E6B94C488F27}
		{240EE2A1-9BD6-4572-98C3-861DA0240199} = {3DADF74E-DCEF-4611-85D2-3B8D211FE922}
		{F81ECEBE-33F8-45FF-860F-6FFDDD723629} = {1C1D7FC4-34F5-4724-8DAC-D944EC381517}
		{7F8FA29F-816A-4538-84D3-8B07943ADEB4} = {F81ECEBE-33F8-45FF-860F-6FFDDD723629}
		{70A269A8-C700-4428-BA93-41CF5A86235C} = {7F8FA29F-816A-4538-84D3-8B07943ADEB4}
		{F03F52E1-9684-4ACB-9E02-08E57850E284} = {7F8FA29F-816A-4538-84D3-8B07943ADEB4}
		{30024D2E-2BEE-46EA-A3E0-E0813B2F3116} = {7F8FA29F-816A-4538-84D3-8B07943ADEB4}
		{C4F6FB86-EC60-4061-9440-30AAB6F114AD} = {F81ECEBE-33F8-45FF-860F-6FFDDD723629}
		{44503D59-97BF-47E4-B9C2-CC609C19703A} = {C4F6FB86-EC60-4061-9440-30AAB6F114AD}
		{1B05F628-01D1-43B1-A8E9-E6B299D0C11E} = {1C1D7FC4-34F5-4724-8DAC-D944EC381517}
		{B3183A73-CE69-4F0B-90D1-3B3D35DB5AEB} = {1B05F628-01D1-43B1-A8E9-E6B299D0C11E}
		{E53D6927-8EA3-4289-90F3-E5DECE39F9A0} = {B3183A73-CE69-4F0B-90D1-3B3D35DB5AEB}
		{24EE3667-A8B9-4507-A8FF-3A8B7962E2BD} = {B3183A73-CE69-4F0B-90D1-3B3D35DB5AEB}
		{0B0B9463-DA3A-4DEB-B870-198F20D08CB5} = {B3183A73-CE69-4F0B-90D1-3B3D35DB5AEB}
		{06AF9919-B113-4B90-B7DD-81E39A12DE80} = {1B05F628-01D1-43B1-A8E9-E6B299D0C11E}
		{3E44C002-A0F6-4359-B205-EDE8E057488F} = {06AF9919-B113-4B90-B7DD-81E39A12DE80}
		{45651B3B-4B8C-4380-A68E-F094CE0F0CA0} = {06AF9919-B113-4B90-B7DD-81E39A12DE80}
		{EB810010-3740-4ACE-8051-52E6903D2F09} = {06AF9919-B113-4B90-B7DD-81E39A12DE80}
		{4F3897B6-6326-4305-9923-D64F57E9BE9D} = {06AF9919-B113-4B90-B7DD-81E39A12DE80}
	EndGlobalSection
EndGlobal
